
Microsoft Visual Studio Solution File, Format Version 12.00
# Visual Studio Version 16
VisualStudioVersion = 16.0.34114.132
MinimumVisualStudioVersion = 10.0.40219.1
Project("{FAE04EC0-301F-11D3-BF4B-00C04F79EFBC}") = "FileWatcher", "FileWatcher\FileWatcher.csproj", "{77E38609-1A5A-43D8-85EC-84293AA02598}"
EndProject
Global
	GlobalSection(SolutionConfigurationPlatforms) = preSolution
		Debug|Any CPU = Debug|Any CPU
		Release|Any CPU = Release|Any CPU
	EndGlobalSection
	GlobalSection(ProjectConfigurationPlatforms) = postSolution
		{77E38609-1A5A-43D8-85EC-84293AA02598}.Debug|Any CPU.ActiveCfg = Debug|Any CPU
		{77E38609-1A5A-43D8-85EC-84293AA02598}.Debug|Any CPU.Build.0 = Debug|Any CPU
		{77E38609-1A5A-43D8-85EC-84293AA02598}.Release|Any CPU.ActiveCfg = Release|Any CPU
		{77E38609-1A5A-43D8-85EC-84293AA02598}.Release|Any CPU.Build.0 = Release|Any CPU
	EndGlobalSection
	GlobalSection(SolutionProperties) = preSolution
		HideSolutionNode = FALSE
	EndGlobalSection
	GlobalSection(ExtensibilityGlobals) = postSolution
		SolutionGuid = {5DBE423C-F48F-43B1-A067-0EF3376C32B6}
	EndGlobalSection
EndGlobal
